Microsoft Visual Studio Solution File, Format Version 12.00
# Visual Studio 2013
VisualStudioVersion = 12.0.21005.1
MinimumVisualStudioVersion = 10.0.40219.1
Project("{E24C65DC-7377-472B-9ABA-BC803B73C61A}") = "WebSite(4)", "http://localhost:55624", "{C635B4F9-6FB3-4382-978A-BB9AAAD5A3CC}"
	ProjectSection(WebsiteProperties) = preProject
		UseIISExpress = "true"
		TargetFrameworkMoniker = ".NETFramework,Version%3Dv4.5"
		ProjectReferences = "{ff3d919b-41dc-4391-8baa-e05ab1c5788b}|ReportsLibrary.dll;"
		Debug.AspNetCompiler.VirtualPath = "/localhost_55624"
		Debug.AspNetCompiler.PhysicalPath = "WebSite\"
		Debug.AspNetCompiler.TargetPath = "PrecompiledWeb\localhost_55624\"
		Debug.AspNetCompiler.Updateable = "true"
		Debug.AspNetCompiler.ForceOverwrite = "true"
		Debug.AspNetCompiler.FixedNames = "false"
		Debug.AspNetCompiler.Debug = "True"
		Release.AspNetCompiler.VirtualPath = "/localhost_55624"
		Release.AspNetCompiler.PhysicalPath = "WebSite\"
		Release.AspNetCompiler.TargetPath = "PrecompiledWeb\localhost_55624\"
		Release.AspNetCompiler.Updateable = "true"
		Release.AspNetCompiler.ForceOverwrite = "true"
		Release.AspNetCompiler.FixedNames = "false"
		Release.AspNetCompiler.Debug = "False"
		SlnRelativePath = "WebSite\"
	EndProjectSection
EndProject
Project("{2150E333-8FDC-42A3-9474-1A3956D46DE8}") = "Code On Time Items", "Code On Time Items", "{37C7F132-DB9C-4964-B3A3-E9F67802B996}"
	ProjectSection(SolutionItems) = preProject
		ClientLibrary.en-MY.txt = ClientLibrary.en-MY.txt
		ClientLibrary.en-US.txt = ClientLibrary.en-US.txt
		ClientLibrary.ms-MY.txt = ClientLibrary.ms-MY.txt
		DataAquarium.Project.xml = DataAquarium.Project.xml
		DataAquarium.Version.xml = DataAquarium.Version.xml
	EndProjectSection
EndProject
Project("{FAE04EC0-301F-11D3-BF4B-00C04F79EFBC}") = "ReportsLibrary", "AuroraRPT\ReportsLibrary\ReportsLibrary.csproj", "{FF3D919B-41DC-4391-8BAA-E05AB1C5788B}"
EndProject
Project("{E24C65DC-7377-472B-9ABA-BC803B73C61A}") = "WebReport", "http://localhost:7496", "{D4ED6B7E-D278-439B-B39C-49F160914452}"
	ProjectSection(WebsiteProperties) = preProject
		UseIISExpress = "true"
		TargetFrameworkMoniker = ".NETFramework,Version%3Dv4.5"
		ProjectReferences = "{ff3d919b-41dc-4391-8baa-e05ab1c5788b}|ReportsLibrary.dll;"
		Debug.AspNetCompiler.VirtualPath = "/localhost_7496"
		Debug.AspNetCompiler.PhysicalPath = "WebReport\"
		Debug.AspNetCompiler.TargetPath = "PrecompiledWeb\localhost_7496\"
		Debug.AspNetCompiler.Updateable = "true"
		Debug.AspNetCompiler.ForceOverwrite = "true"
		Debug.AspNetCompiler.FixedNames = "false"
		Debug.AspNetCompiler.Debug = "True"
		Release.AspNetCompiler.VirtualPath = "/localhost_7496"
		Release.AspNetCompiler.PhysicalPath = "WebReport\"
		Release.AspNetCompiler.TargetPath = "PrecompiledWeb\localhost_7496\"
		Release.AspNetCompiler.Updateable = "true"
		Release.AspNetCompiler.ForceOverwrite = "true"
		Release.AspNetCompiler.FixedNames = "false"
		Release.AspNetCompiler.Debug = "False"
		SlnRelativePath = "WebReport\"
	EndProjectSection
EndProject
Global
	GlobalSection(SolutionConfigurationPlatforms) = preSolution
		Debug|Any CPU = Debug|Any CPU
		Release|Any CPU = Release|Any CPU
	EndGlobalSection
	GlobalSection(ProjectConfigurationPlatforms) = postSolution
		{C635B4F9-6FB3-4382-978A-BB9AAAD5A3CC}.Debug|Any CPU.ActiveCfg = Debug|Any CPU
		{C635B4F9-6FB3-4382-978A-BB9AAAD5A3CC}.Debug|Any CPU.Build.0 = Debug|Any CPU
		{C635B4F9-6FB3-4382-978A-BB9AAAD5A3CC}.Release|Any CPU.ActiveCfg = Debug|Any CPU
		{C635B4F9-6FB3-4382-978A-BB9AAAD5A3CC}.Release|Any CPU.Build.0 = Debug|Any CPU
		{FF3D919B-41DC-4391-8BAA-E05AB1C5788B}.Debug|Any CPU.ActiveCfg = Debug|Any CPU
		{FF3D919B-41DC-4391-8BAA-E05AB1C5788B}.Debug|Any CPU.Build.0 = Debug|Any CPU
		{FF3D919B-41DC-4391-8BAA-E05AB1C5788B}.Release|Any CPU.ActiveCfg = Release|Any CPU
		{FF3D919B-41DC-4391-8BAA-E05AB1C5788B}.Release|Any CPU.Build.0 = Release|Any CPU
		{D4ED6B7E-D278-439B-B39C-49F160914452}.Debug|Any CPU.ActiveCfg = Debug|Any CPU
		{D4ED6B7E-D278-439B-B39C-49F160914452}.Debug|Any CPU.Build.0 = Debug|Any CPU
		{D4ED6B7E-D278-439B-B39C-49F160914452}.Release|Any CPU.ActiveCfg = Debug|Any CPU
		{D4ED6B7E-D278-439B-B39C-49F160914452}.Release|Any CPU.Build.0 = Debug|Any CPU
	EndGlobalSection
	GlobalSection(SolutionProperties) = preSolution
		HideSolutionNode = FALSE
	EndGlobalSection
EndGlobal
